
Microsoft Visual Studio Solution File, Format Version 12.00
# Visual Studio Version 16
VisualStudioVersion = 16.0.31129.286
MinimumVisualStudioVersion = 10.0.40219.1
Project("{FAE04EC0-301F-11D3-BF4B-00C04F79EFBC}") = "Promptr.Core", "Promptr.Core.csproj", "{B76FA88E-8650-4B03-BFE5-C8B0E7EBB712}"
EndProject
Project("{FAE04EC0-301F-11D3-BF4B-00C04F79EFBC}") = "Promptr.Tests", "..\Promptr.Tests\Promptr.Tests.csproj", "{4ADCB57D-E822-4CEC-89D6-6BB5523D840F}"
EndProject
Project("{FAE04EC0-301F-11D3-BF4B-00C04F79EFBC}") = "Promptr.Writer", "..\Promptr.Console\Promptr.Writer.csproj", "{804B8093-0884-4231-931C-6B26F231AA12}"
EndProject
Global
	GlobalSection(SolutionConfigurationPlatforms) = preSolution
		Debug|Any CPU = Debug|Any CPU
		Release|Any CPU = Release|Any CPU
	EndGlobalSection
	GlobalSection(ProjectConfigurationPlatforms) = postSolution
		{B76FA88E-8650-4B03-BFE5-C8B0E7EBB712}.Debug|Any CPU.ActiveCfg = Debug|Any CPU
		{B76FA88E-8650-4B03-BFE5-C8B0E7EBB712}.Debug|Any CPU.Build.0 = Debug|Any CPU
		{B76FA88E-8650-4B03-BFE5-C8B0E7EBB712}.Release|Any CPU.ActiveCfg = Release|Any CPU
		{B76FA88E-8650-4B03-BFE5-C8B0E7EBB712}.Release|Any CPU.Build.0 = Release|Any CPU
		{4ADCB57D-E822-4CEC-89D6-6BB5523D840F}.Debug|Any CPU.ActiveCfg = Debug|Any CPU
		{4ADCB57D-E822-4CEC-89D6-6BB5523D840F}.Debug|Any CPU.Build.0 = Debug|Any CPU
		{4ADCB57D-E822-4CEC-89D6-6BB5523D840F}.Release|Any CPU.ActiveCfg = Release|Any CPU
		{4ADCB57D-E822-4CEC-89D6-6BB5523D840F}.Release|Any CPU.Build.0 = Release|Any CPU
		{804B8093-0884-4231-931C-6B26F231AA12}.Debug|Any CPU.ActiveCfg = Debug|Any CPU
		{804B8093-0884-4231-931C-6B26F231AA12}.Debug|Any CPU.Build.0 = Debug|Any CPU
		{804B8093-0884-4231-931C-6B26F231AA12}.Release|Any CPU.ActiveCfg = Release|Any CPU
		{804B8093-0884-4231-931C-6B26F231AA12}.Release|Any CPU.Build.0 = Release|Any CPU
	EndGlobalSection
	GlobalSection(SolutionProperties) = preSolution
		HideSolutionNode = FALSE
	EndGlobalSection
	GlobalSection(ExtensibilityGlobals) = postSolution
		SolutionGuid = {2CD5D5EE-B026-4422-A2AF-8E4D33FDBE78}
	EndGlobalSection
EndGlobal
